{
  "name": "simonesanfilippo",
  "version": "1.0.0",
  "lockfileVersion": 3,
  "requires": true,
  "packages": {
    "": {
      "name": "simonesanfilippo",
      "version": "1.0.0",
      "license": "ISC",
      "dependencies": {
        "entities": "^5.0.0"
      }
    },
    "node_modules/entities": {
      "version": "5.0.0",
      "resolved": "https://registry.npmjs.org/entities/-/entities-5.0.0.tgz",
      "integrity": "sha512-BeJFvFRJddxobhvEdm5GqHzRV/X+ACeuw0/BuuxsCh1EUZcAIz8+kYmBp/LrQuloy6K1f3a0M7+IhmZ7QnkISA==",
      "license": "BSD-2-Clause",
      "engines": {
        "node": ">=0.12"
      },
      "funding": {
        "url": "https://github.com/fb55/entities?sponsor=1"
      }
    }
  }
}
